
Microsoft Visual Studio Solution File, Format Version 12.00
# Visual Studio Version 17
VisualStudioVersion = 17.11.35327.3
MinimumVisualStudioVersion = 10.0.40219.1
Project("{2150E333-8FDC-42A3-9474-1A3956D46DE8}") = "src", "src", "{6277C957-A548-4963-938A-1A4E7DC1966F}"
EndProject
Project("{FAE04EC0-301F-11D3-BF4B-00C04F79EFBC}") = "AdvancedCSharpConcept.ConsoleApp", "src\AdvancedCSharpConcept.ConsoleApp\AdvancedCSharpConcept.ConsoleApp.csproj", "{488CF9FF-58A4-4BB4-A815-F8DDC95644A4}"
EndProject
Global
	GlobalSection(SolutionConfigurationPlatforms) = preSolution
		Debug|Any CPU = Debug|Any CPU
		Release|Any CPU = Release|Any CPU
	EndGlobalSection
	GlobalSection(ProjectConfigurationPlatforms) = postSolution
		{488CF9FF-58A4-4BB4-A815-F8DDC95644A4}.Debug|Any CPU.ActiveCfg = Debug|Any CPU
		{488CF9FF-58A4-4BB4-A815-F8DDC95644A4}.Debug|Any CPU.Build.0 = Debug|Any CPU
		{488CF9FF-58A4-4BB4-A815-F8DDC95644A4}.Release|Any CPU.ActiveCfg = Release|Any CPU
		{488CF9FF-58A4-4BB4-A815-F8DDC95644A4}.Release|Any CPU.Build.0 = Release|Any CPU
	EndGlobalSection
	GlobalSection(SolutionProperties) = preSolution
		HideSolutionNode = FALSE
	EndGlobalSection
	GlobalSection(NestedProjects) = preSolution
		{488CF9FF-58A4-4BB4-A815-F8DDC95644A4} = {6277C957-A548-4963-938A-1A4E7DC1966F}
	EndGlobalSection
	GlobalSection(ExtensibilityGlobals) = postSolution
		SolutionGuid = {74E3E554-3E60-4A4E-84E2-4E002EB9AAF7}
	EndGlobalSection
EndGlobal
